{
  "nodes": {
    "comma": {
      "flake": false,
      "locked": {
        "lastModified": 1703707084,
        "narHash": "sha256-27UMbdvgVu1A1zHnte+7RrNYyhtaQWy1yPm5WqLvX8A=",
        "owner": "nix-community",
        "repo": "comma",
        "rev": "cbcec3d8288ade32c39b76cf5087417e5c517397",
        "type": "github"
      },
      "original": {
        "owner": "nix-community",
        "repo": "comma",
        "type": "github"
      }
    },
    "darwin": {
      "inputs": {
        "nixpkgs": [
          "nixpkgs"
        ]
      },
      "locked": {
        "lastModified": 1703887437,
        "narHash": "sha256-awkp9jyXf8aV9eDWhLdKUqUdg9HfZKe0NdQebSiC0VA=",
        "owner": "lnl7",
        "repo": "nix-darwin",
        "rev": "0a3afdc60042d8e1c2deb63bdfa017acc424a397",
        "type": "github"
      },
      "original": {
        "owner": "lnl7",
        "ref": "master",
        "repo": "nix-darwin",
        "type": "github"
      }
    },
    "fonts": {
      "flake": false,
      "locked": {
        "lastModified": 1703656553,
        "narHash": "sha256-hNw22UuvmPM80B/aV2aYoXLgBioJVu3CC6WBNQ70NdY=",
        "owner": "noamkadosh",
        "repo": ".dotfiles",
        "rev": "130f182afe586b34b4b7416a46e5d41643a7c7f0",
        "type": "github"
      },
      "original": {
        "owner": "noamkadosh",
        "repo": ".dotfiles",
        "type": "github"
      }
    },
    "home-manager": {
      "inputs": {
        "nixpkgs": [
          "nixpkgs"
        ]
      },
      "locked": {
        "lastModified": 1703367386,
        "narHash": "sha256-FMbm48UGrBfOWGt8+opuS+uLBLQlRfhiYXhHNcYMS5k=",
        "owner": "nix-community",
        "repo": "home-manager",
        "rev": "d5824a76bc6bb93d1dce9ebbbcb09a9b6abcc224",
        "type": "github"
      },
      "original": {
        "owner": "nix-community",
        "ref": "release-23.11",
        "repo": "home-manager",
        "type": "github"
      }
    },
    "nixpkgs": {
      "locked": {
        "lastModified": 1703663617,
        "narHash": "sha256-qH/fe7gwbBZOGR7Yc1C57ZVkhlKH/9teHEBvuAyN2P0=",
        "owner": "nixos",
        "repo": "nixpkgs",
        "rev": "473ed42912f3bc2a84e175278461ad91f1fef8a8",
        "type": "github"
      },
      "original": {
        "owner": "nixos",
        "ref": "nixpkgs-23.11-darwin",
        "repo": "nixpkgs",
        "type": "github"
      }
    },
    "nixpkgs-unstable": {
      "locked": {
        "lastModified": 1703499205,
        "narHash": "sha256-lF9rK5mSUfIZJgZxC3ge40tp1gmyyOXZ+lRY3P8bfbg=",
        "owner": "NixOS",
        "repo": "nixpkgs",
        "rev": "e1fa12d4f6c6fe19ccb59cac54b5b3f25e160870",
        "type": "github"
      },
      "original": {
        "owner": "NixOS",
        "ref": "nixpkgs-unstable",
        "repo": "nixpkgs",
        "type": "github"
      }
    },
    "root": {
      "inputs": {
        "comma": "comma",
        "darwin": "darwin",
        "fonts": "fonts",
        "home-manager": "home-manager",
        "nixpkgs": "nixpkgs",
        "nixpkgs-unstable": "nixpkgs-unstable"
      }
    }
  },
  "root": "root",
  "version": 7
}
